
Microsoft Visual Studio Solution File, Format Version 12.00
# Visual Studio 15
VisualStudioVersion = 15.0.26124.0
MinimumVisualStudioVersion = 15.0.26124.0
Project("{2150E333-8FDC-42A3-9474-1A3956D46DE8}") = "DotnetIst.Api", "DotnetIst.Api", "{674A9DD4-F9DA-4F9F-81E3-AB6A24C5149D}"
EndProject
Project("{2150E333-8FDC-42A3-9474-1A3956D46DE8}") = "src", "src", "{CA1A4673-F703-4C40-B44E-AE28673B4A71}"
EndProject
Project("{FAE04EC0-301F-11D3-BF4B-00C04F79EFBC}") = "Api", "DotnetIst.Api\src\Api\Api.csproj", "{2BCBD3FB-715D-45A5-96DB-346608043045}"
EndProject
Project("{2150E333-8FDC-42A3-9474-1A3956D46DE8}") = "DotnetIst.Shared", "DotnetIst.Shared", "{A14724F1-AE75-45BE-AFF2-F46603C797DE}"
EndProject
Project("{2150E333-8FDC-42A3-9474-1A3956D46DE8}") = "src", "src", "{7FC87A4C-7F67-49D8-A702-9CC75F9910FB}"
EndProject
Project("{FAE04EC0-301F-11D3-BF4B-00C04F79EFBC}") = "Shared", "DotnetIst.Shared\src\Shared\Shared.csproj", "{DCF6A908-B7C2-412C-924D-A598647F7540}"
EndProject
Project("{2150E333-8FDC-42A3-9474-1A3956D46DE8}") = "DotnetIst.Services.Customers", "DotnetIst.Services.Customers", "{6806424F-4261-4347-8CDE-5F6399BBC6BF}"
EndProject
Project("{2150E333-8FDC-42A3-9474-1A3956D46DE8}") = "src", "src", "{EA331B36-EF9B-4C04-B52F-0192A629A229}"
EndProject
Project("{FAE04EC0-301F-11D3-BF4B-00C04F79EFBC}") = "Services.Customers", "DotnetIst.Services.Customers\src\Services.Customers\Services.Customers.csproj", "{FA617103-F493-4FDD-96FA-0E83B881E0B0}"
EndProject
Project("{2150E333-8FDC-42A3-9474-1A3956D46DE8}") = "DotnetIst.Services.Notifications", "DotnetIst.Services.Notifications", "{3B87C5C6-314D-4101-B233-A196403845AB}"
EndProject
Project("{2150E333-8FDC-42A3-9474-1A3956D46DE8}") = "src", "src", "{84EC4F28-DC06-4F42-90B1-F7C8D57B6C1B}"
EndProject
Project("{FAE04EC0-301F-11D3-BF4B-00C04F79EFBC}") = "Services.Notifications", "DotnetIst.Services.Notifications\src\Services.Notifications\Services.Notifications.csproj", "{577857E0-19A7-406C-8495-7BCF71886F71}"
EndProject
Project("{2150E333-8FDC-42A3-9474-1A3956D46DE8}") = "DotnetIst.Services.Orders", "DotnetIst.Services.Orders", "{8E520BD8-B6D7-4205-93FC-7F9BFA99A4A7}"
EndProject
Project("{2150E333-8FDC-42A3-9474-1A3956D46DE8}") = "src", "src", "{28BA3B30-1F93-4907-B6BB-32D09A038CC9}"
EndProject
Project("{FAE04EC0-301F-11D3-BF4B-00C04F79EFBC}") = "Services.Orders", "DotnetIst.Services.Orders\src\Services.Orders\Services.Orders.csproj", "{3AF46C68-DA51-4CFE-B9D1-BA247AF2C9C0}"
EndProject
Project("{2150E333-8FDC-42A3-9474-1A3956D46DE8}") = "DotnetIst.Services.Products", "DotnetIst.Services.Products", "{020A54F8-7DC3-4148-8797-7534A89B32F7}"
EndProject
Project("{2150E333-8FDC-42A3-9474-1A3956D46DE8}") = "src", "src", "{B5E52D90-0C27-4D1C-9DCE-B614658969FA}"
EndProject
Project("{FAE04EC0-301F-11D3-BF4B-00C04F79EFBC}") = "Services.Products", "DotnetIst.Services.Products\src\Services.Products\Services.Products.csproj", "{83E22247-7E48-429B-83B7-979263473F36}"
EndProject
Global
	GlobalSection(SolutionConfigurationPlatforms) = preSolution
		Debug|Any CPU = Debug|Any CPU
		Debug|x64 = Debug|x64
		Debug|x86 = Debug|x86
		Release|Any CPU = Release|Any CPU
		Release|x64 = Release|x64
		Release|x86 = Release|x86
	EndGlobalSection
	GlobalSection(SolutionProperties) = preSolution
		HideSolutionNode = FALSE
	EndGlobalSection
	GlobalSection(ProjectConfigurationPlatforms) = postSolution
		{2BCBD3FB-715D-45A5-96DB-346608043045}.Debug|Any CPU.ActiveCfg = Debug|Any CPU
		{2BCBD3FB-715D-45A5-96DB-346608043045}.Debug|Any CPU.Build.0 = Debug|Any CPU
		{2BCBD3FB-715D-45A5-96DB-346608043045}.Debug|x64.ActiveCfg = Debug|Any CPU
		{2BCBD3FB-715D-45A5-96DB-346608043045}.Debug|x64.Build.0 = Debug|Any CPU
		{2BCBD3FB-715D-45A5-96DB-346608043045}.Debug|x86.ActiveCfg = Debug|Any CPU
		{2BCBD3FB-715D-45A5-96DB-346608043045}.Debug|x86.Build.0 = Debug|Any CPU
		{2BCBD3FB-715D-45A5-96DB-346608043045}.Release|Any CPU.ActiveCfg = Release|Any CPU
		{2BCBD3FB-715D-45A5-96DB-346608043045}.Release|Any CPU.Build.0 = Release|Any CPU
		{2BCBD3FB-715D-45A5-96DB-346608043045}.Release|x64.ActiveCfg = Release|Any CPU
		{2BCBD3FB-715D-45A5-96DB-346608043045}.Release|x64.Build.0 = Release|Any CPU
		{2BCBD3FB-715D-45A5-96DB-346608043045}.Release|x86.ActiveCfg = Release|Any CPU
		{2BCBD3FB-715D-45A5-96DB-346608043045}.Release|x86.Build.0 = Release|Any CPU
		{DCF6A908-B7C2-412C-924D-A598647F7540}.Debug|Any CPU.ActiveCfg = Debug|Any CPU
		{DCF6A908-B7C2-412C-924D-A598647F7540}.Debug|Any CPU.Build.0 = Debug|Any CPU
		{DCF6A908-B7C2-412C-924D-A598647F7540}.Debug|x64.ActiveCfg = Debug|Any CPU
		{DCF6A908-B7C2-412C-924D-A598647F7540}.Debug|x64.Build.0 = Debug|Any CPU
		{DCF6A908-B7C2-412C-924D-A598647F7540}.Debug|x86.ActiveCfg = Debug|Any CPU
		{DCF6A908-B7C2-412C-924D-A598647F7540}.Debug|x86.Build.0 = Debug|Any CPU
		{DCF6A908-B7C2-412C-924D-A598647F7540}.Release|Any CPU.ActiveCfg = Release|Any CPU
		{DCF6A908-B7C2-412C-924D-A598647F7540}.Release|Any CPU.Build.0 = Release|Any CPU
		{DCF6A908-B7C2-412C-924D-A598647F7540}.Release|x64.ActiveCfg = Release|Any CPU
		{DCF6A908-B7C2-412C-924D-A598647F7540}.Release|x64.Build.0 = Release|Any CPU
		{DCF6A908-B7C2-412C-924D-A598647F7540}.Release|x86.ActiveCfg = Release|Any CPU
		{DCF6A908-B7C2-412C-924D-A598647F7540}.Release|x86.Build.0 = Release|Any CPU
		{FA617103-F493-4FDD-96FA-0E83B881E0B0}.Debug|Any CPU.ActiveCfg = Debug|Any CPU
		{FA617103-F493-4FDD-96FA-0E83B881E0B0}.Debug|Any CPU.Build.0 = Debug|Any CPU
		{FA617103-F493-4FDD-96FA-0E83B881E0B0}.Debug|x64.ActiveCfg = Debug|Any CPU
		{FA617103-F493-4FDD-96FA-0E83B881E0B0}.Debug|x64.Build.0 = Debug|Any CPU
		{FA617103-F493-4FDD-96FA-0E83B881E0B0}.Debug|x86.ActiveCfg = Debug|Any CPU
		{FA617103-F493-4FDD-96FA-0E83B881E0B0}.Debug|x86.Build.0 = Debug|Any CPU
		{FA617103-F493-4FDD-96FA-0E83B881E0B0}.Release|Any CPU.ActiveCfg = Release|Any CPU
		{FA617103-F493-4FDD-96FA-0E83B881E0B0}.Release|Any CPU.Build.0 = Release|Any CPU
		{FA617103-F493-4FDD-96FA-0E83B881E0B0}.Release|x64.ActiveCfg = Release|Any CPU
		{FA617103-F493-4FDD-96FA-0E83B881E0B0}.Release|x64.Build.0 = Release|Any CPU
		{FA617103-F493-4FDD-96FA-0E83B881E0B0}.Release|x86.ActiveCfg = Release|Any CPU
		{FA617103-F493-4FDD-96FA-0E83B881E0B0}.Release|x86.Build.0 = Release|Any CPU
		{577857E0-19A7-406C-8495-7BCF71886F71}.Debug|Any CPU.ActiveCfg = Debug|Any CPU
		{577857E0-19A7-406C-8495-7BCF71886F71}.Debug|Any CPU.Build.0 = Debug|Any CPU
		{577857E0-19A7-406C-8495-7BCF71886F71}.Debug|x64.ActiveCfg = Debug|Any CPU
		{577857E0-19A7-406C-8495-7BCF71886F71}.Debug|x64.Build.0 = Debug|Any CPU
		{577857E0-19A7-406C-8495-7BCF71886F71}.Debug|x86.ActiveCfg = Debug|Any CPU
		{577857E0-19A7-406C-8495-7BCF71886F71}.Debug|x86.Build.0 = Debug|Any CPU
		{577857E0-19A7-406C-8495-7BCF71886F71}.Release|Any CPU.ActiveCfg = Release|Any CPU
		{577857E0-19A7-406C-8495-7BCF71886F71}.Release|Any CPU.Build.0 = Release|Any CPU
		{577857E0-19A7-406C-8495-7BCF71886F71}.Release|x64.ActiveCfg = Release|Any CPU
		{577857E0-19A7-406C-8495-7BCF71886F71}.Release|x64.Build.0 = Release|Any CPU
		{577857E0-19A7-406C-8495-7BCF71886F71}.Release|x86.ActiveCfg = Release|Any CPU
		{577857E0-19A7-406C-8495-7BCF71886F71}.Release|x86.Build.0 = Release|Any CPU
		{3AF46C68-DA51-4CFE-B9D1-BA247AF2C9C0}.Debug|Any CPU.ActiveCfg = Debug|Any CPU
		{3AF46C68-DA51-4CFE-B9D1-BA247AF2C9C0}.Debug|Any CPU.Build.0 = Debug|Any CPU
		{3AF46C68-DA51-4CFE-B9D1-BA247AF2C9C0}.Debug|x64.ActiveCfg = Debug|Any CPU
		{3AF46C68-DA51-4CFE-B9D1-BA247AF2C9C0}.Debug|x64.Build.0 = Debug|Any CPU
		{3AF46C68-DA51-4CFE-B9D1-BA247AF2C9C0}.Debug|x86.ActiveCfg = Debug|Any CPU
		{3AF46C68-DA51-4CFE-B9D1-BA247AF2C9C0}.Debug|x86.Build.0 = Debug|Any CPU
		{3AF46C68-DA51-4CFE-B9D1-BA247AF2C9C0}.Release|Any CPU.ActiveCfg = Release|Any CPU
		{3AF46C68-DA51-4CFE-B9D1-BA247AF2C9C0}.Release|Any CPU.Build.0 = Release|Any CPU
		{3AF46C68-DA51-4CFE-B9D1-BA247AF2C9C0}.Release|x64.ActiveCfg = Release|Any CPU
		{3AF46C68-DA51-4CFE-B9D1-BA247AF2C9C0}.Release|x64.Build.0 = Release|Any CPU
		{3AF46C68-DA51-4CFE-B9D1-BA247AF2C9C0}.Release|x86.ActiveCfg = Release|Any CPU
		{3AF46C68-DA51-4CFE-B9D1-BA247AF2C9C0}.Release|x86.Build.0 = Release|Any CPU
		{83E22247-7E48-429B-83B7-979263473F36}.Debug|Any CPU.ActiveCfg = Debug|Any CPU
		{83E22247-7E48-429B-83B7-979263473F36}.Debug|Any CPU.Build.0 = Debug|Any CPU
		{83E22247-7E48-429B-83B7-979263473F36}.Debug|x64.ActiveCfg = Debug|Any CPU
		{83E22247-7E48-429B-83B7-979263473F36}.Debug|x64.Build.0 = Debug|Any CPU
		{83E22247-7E48-429B-83B7-979263473F36}.Debug|x86.ActiveCfg = Debug|Any CPU
		{83E22247-7E48-429B-83B7-979263473F36}.Debug|x86.Build.0 = Debug|Any CPU
		{83E22247-7E48-429B-83B7-979263473F36}.Release|Any CPU.ActiveCfg = Release|Any CPU
		{83E22247-7E48-429B-83B7-979263473F36}.Release|Any CPU.Build.0 = Release|Any CPU
		{83E22247-7E48-429B-83B7-979263473F36}.Release|x64.ActiveCfg = Release|Any CPU
		{83E22247-7E48-429B-83B7-979263473F36}.Release|x64.Build.0 = Release|Any CPU
		{83E22247-7E48-429B-83B7-979263473F36}.Release|x86.ActiveCfg = Release|Any CPU
		{83E22247-7E48-429B-83B7-979263473F36}.Release|x86.Build.0 = Release|Any CPU
	EndGlobalSection
	GlobalSection(NestedProjects) = preSolution
		{CA1A4673-F703-4C40-B44E-AE28673B4A71} = {674A9DD4-F9DA-4F9F-81E3-AB6A24C5149D}
		{2BCBD3FB-715D-45A5-96DB-346608043045} = {CA1A4673-F703-4C40-B44E-AE28673B4A71}
		{7FC87A4C-7F67-49D8-A702-9CC75F9910FB} = {A14724F1-AE75-45BE-AFF2-F46603C797DE}
		{DCF6A908-B7C2-412C-924D-A598647F7540} = {7FC87A4C-7F67-49D8-A702-9CC75F9910FB}
		{EA331B36-EF9B-4C04-B52F-0192A629A229} = {6806424F-4261-4347-8CDE-5F6399BBC6BF}
		{FA617103-F493-4FDD-96FA-0E83B881E0B0} = {EA331B36-EF9B-4C04-B52F-0192A629A229}
		{84EC4F28-DC06-4F42-90B1-F7C8D57B6C1B} = {3B87C5C6-314D-4101-B233-A196403845AB}
		{577857E0-19A7-406C-8495-7BCF71886F71} = {84EC4F28-DC06-4F42-90B1-F7C8D57B6C1B}
		{28BA3B30-1F93-4907-B6BB-32D09A038CC9} = {8E520BD8-B6D7-4205-93FC-7F9BFA99A4A7}
		{3AF46C68-DA51-4CFE-B9D1-BA247AF2C9C0} = {28BA3B30-1F93-4907-B6BB-32D09A038CC9}
		{B5E52D90-0C27-4D1C-9DCE-B614658969FA} = {020A54F8-7DC3-4148-8797-7534A89B32F7}
		{83E22247-7E48-429B-83B7-979263473F36} = {B5E52D90-0C27-4D1C-9DCE-B614658969FA}
	EndGlobalSection
EndGlobal
